
Microsoft Visual Studio Solution File, Format Version 12.00
# Visual Studio Version 17
VisualStudioVersion = 17.7.34031.279
MinimumVisualStudioVersion = 10.0.40219.1
Project("{FAE04EC0-301F-11D3-BF4B-00C04F79EFBC}") = "No_Mini_EA", "No_Mini_EA.csproj", "{E45C1B5A-86CB-485B-8060-4685C4B40B8B}"
EndProject
Global
	GlobalSection(SolutionConfigurationPlatforms) = preSolution
		Debug|Any CPU = Debug|Any CPU
		Release|Any CPU = Release|Any CPU
	EndGlobalSection
	GlobalSection(ProjectConfigurationPlatforms) = postSolution
		{E45C1B5A-86CB-485B-8060-4685C4B40B8B}.Debug|Any CPU.ActiveCfg = Debug|Any CPU
		{E45C1B5A-86CB-485B-8060-4685C4B40B8B}.Debug|Any CPU.Build.0 = Debug|Any CPU
		{E45C1B5A-86CB-485B-8060-4685C4B40B8B}.Release|Any CPU.ActiveCfg = Release|Any CPU
		{E45C1B5A-86CB-485B-8060-4685C4B40B8B}.Release|Any CPU.Build.0 = Release|Any CPU
	EndGlobalSection
	GlobalSection(SolutionProperties) = preSolution
		HideSolutionNode = FALSE
	EndGlobalSection
	GlobalSection(ExtensibilityGlobals) = postSolution
		SolutionGuid = {3A0ADDFE-6A80-41F2-9122-65D0AD9DAA5D}
	EndGlobalSection
EndGlobal
